schema_version: "1.0"

distribution:
  id: tserdeiro/spec-kit
  stage: 0

upstream:
  repository: https://github.com/github/spec-kit.git
  tag: v1.0.1
  commit: 9118ed15a0ba65053469a94c560ea5d233f75884
  git_tree: 460b3a777a0bb19709cd027ffe9180a701efcd2b
  git_archive_sha256: 023415d40960e1927cbf54c06d8c48cc869749ee44d8d119fff1b2953e127919
  install_source: git+https://github.com/github/spec-kit.git@v1.0.1
  package: specify-cli
  package_version: 1.0.1
  python: ">=3.11"

extensions:
  git:
    id: git
    version: 1.0.0
    provenance: bundled-with-github/spec-kit@v1.0.1
    manifest_sha256: 89711dec9716473fba4afc54f7224bcb28ebd3c55fb5aaa30df854ab02b07a75

  linear:
    id: linear
    version: 0.6.4
    provenance: first-party-monorepo
    path: packages/spec-kit-linear
    tag: spec-kit-linear/v0.6.4
    commit: b4b04a190cebe97f169ca49374c3aa27529dcf20
    subtree_archive_sha256: 205679b13154aa0c8f78052057f05eca917366c386ca547828655996702c49a4
    release_zip_sha256: 6bb6ae1cb8abb48a99d17b6368b67f00ca168a85dbad3d4f6d2b9fd0cfc8bd75
    manifest_sha256: fd65e1eea508b513c6415aa33406d32e53144bdc83af35dda3da2308e9b64cd2
    conformance_evidence: validation/linear-stage5-acceptance.md

  code-review:
    id: code-review
    version: 0.2.1
    provenance: first-party-monorepo
    path: packages/spec-kit-code-review
    tag: spec-kit-code-review/v0.2.1
    commit: ae0e37f30c09bd479affb39e0e27091b7d99fa68
    subtree_archive_sha256: 8ca966961dfbbfae3648d77caf0db5a1f448515018fa96402006f8f13853d797
    release_zip_sha256: a120048c28526789f1a28f05bc0f201476301f3ace0da9c4ac41471542c6440e
    manifest_sha256: 2202f149455930a6631d21726af3c326edcd173f71602737dee902c0427782a5
    conformance_evidence: validation/code-review-acceptance.md
    external_tools:
      open_code_review:
        source: https://github.com/alibaba/open-code-review
        license: Apache-2.0
        release_tag: v1.8.3
        version_string: "open-code-review v1.8.3 (80a579466)"
        npm_package: "@alibaba-group/open-code-review"
        binaries:
          darwin-arm64: ed12e4599a7d2ddf5ac09324193d9781bd0a4215e867631432bc04cf5918f324
          darwin-amd64: a5f884bb9a04abb2068e8f9f3b3c567cb65f0847f61876c7c44deb42b8c2d61a
          linux-amd64: 445c2c3d7528d6a642b2eb83dc76978d7a5558b838d0c385b0c841b094104c17
          linux-arm64: 4badb4b02fb9f7b4e91b5078fa78e88bfa8e3864f43bedd216b179494e9df4d7
        requires:
          git: ">=2.41"
          node: ">=14"   # solo para el wrapper npm
