schema_version: "1.0"

distribution:
  id: tserdeiro/spec-kit
  stage: 0

upstream:
  repository: https://github.com/github/spec-kit.git
  tag: v1.0.4
  commit: cb610277fdea781fcfa83d20522c2db37c94068d
  git_tree: 32e21bce24d14a3daf3230bc0db6428c432341e3
  git_archive_sha256: 83870b74d31642a4b737bddefe32752fd796077617dbf9d1a035a2c6cf227cf0
  install_source: git+https://github.com/github/spec-kit.git@v1.0.4
  package: specify-cli
  package_version: 1.0.4
  python: ">=3.11"

extensions:
  git:
    id: git
    version: 1.0.0
    provenance: bundled-with-github/spec-kit@v1.0.4
    manifest_sha256: 89711dec9716473fba4afc54f7224bcb28ebd3c55fb5aaa30df854ab02b07a75

  linear:
    id: linear
    version: 0.14.0
    provenance: first-party-monorepo
    path: packages/spec-kit-linear
    tag: spec-kit-linear/v0.14.0
    commit: 490a7fafa0d1c76e20e2bbf9db73743b5779bca2
    subtree_archive_sha256: 9b0de8a6a7f99cd8543faa98b4d3168f52c1a9649c0d550f336b2fcfee406a06
    release_zip_sha256: 1d15709843fe03f5a1942a1d54131a681188287ab608c35f674ee2e6b7afdd63
    manifest_sha256: b7da7a4968a633285e955ebc7a46f8b4130ec4b3084d027077f7d62252e5bbfc
    conformance_evidence: validation/linear-stage5-acceptance.md

  code-review:
    id: code-review
    version: 0.6.0
    provenance: first-party-monorepo
    path: packages/spec-kit-code-review
    tag: spec-kit-code-review/v0.6.0
    commit: 490a7fafa0d1c76e20e2bbf9db73743b5779bca2
    subtree_archive_sha256: a2b3145965cba3c3eb648fe645f128b3b6af639d184b6106108dc4ec4182d416
    release_zip_sha256: 9b2b496dbf98bda7c7c5c8c0d8c1abfdef2e63e010d646c49ca1482167a760a4
    manifest_sha256: 0f6f60eaf4e75bac6ac8bb0a6fb6eecdbc9ad550a16c9275d9ca46fb30bba347
    conformance_evidence: validation/code-review-acceptance.md
    external_tools:
      open_code_review:
        source: https://github.com/alibaba/open-code-review
        license: Apache-2.0
        release_tag: v1.12.0
        version_string: "open-code-review v1.12.0 (494bf1c8d)"
        npm_package: "@alibaba-group/open-code-review"
        binaries:
          darwin-arm64: 92601579180aacc61d2d2861773271ddd03d6d5d3a2ac2bea553d883def81cf2
          darwin-amd64: 80e48f98b8b50bed4ee8b92247de8e00cf8c1189072bc22efe9e405f28e5fef2
          linux-amd64: 0e71d2bbea71fbc9a76a999b9ecabb2c63d1efca36ab490db727ba7450444def
          linux-arm64: e69c695c85e301b754940f743b13e9122562e17c6eaedadb9a259ec7415b7be9
        requires:
          git: ">=2.41"
          node: ">=14"   # solo para el wrapper npm
