schema_version: "1.0"

distribution:
  id: tserdeiro/spec-kit
  stage: 0

upstream:
  repository: https://github.com/github/spec-kit.git
  tag: v0.13.0
  commit: 9a30db484b0876cb7e5a391cf735d59bd968e985
  git_tree: a949d15b75f41220e1a4c88d9493dea81e22fdb3
  git_archive_sha256: e9a556c6250e1323152943bb8b41422b094b21c4197578dfd593a9c338841d28
  install_source: git+https://github.com/github/spec-kit.git@v0.13.0
  package: specify-cli
  package_version: 0.13.0
  python: ">=3.11"

extensions:
  git:
    id: git
    version: 1.0.0
    provenance: bundled-with-github/spec-kit@v0.13.0
    manifest_sha256: 89711dec9716473fba4afc54f7224bcb28ebd3c55fb5aaa30df854ab02b07a75

  linear:
    id: linear
    version: 0.4.0
    provenance: first-party-monorepo
    path: packages/spec-kit-linear
    tag: spec-kit-linear/v0.4.0
    commit: e887fef7549a8c541e980e756de999db878013c8
    subtree_archive_sha256: 455b6b154ae631f1e694d5a7f9409044816e0042a3683903ebdb965d38024283
    release_zip_sha256: cc1cc354a55b58d05e6dd894f137399813129b6437736f302dda7feaed49f48f
    manifest_sha256: 0804f8e69ee399673a0ba6a794ca89937e2dd7bcd4c4f50a1b10ed0b4e22d23f
    conformance_evidence: validation/linear-stage5-acceptance.md

  code-review:
    id: code-review
    version: 0.1.1
    provenance: first-party-monorepo
    path: packages/spec-kit-code-review
    tag: spec-kit-code-review/v0.1.1
    commit: e0a1600fa7397b5a5118dbefb0a60fed066eba85
    subtree_archive_sha256: bb09ec86828344876daab5f096354bba5623b22f001d00db2ea8364151f165a0
    release_zip_sha256: c33911711b5e2023be01c22621b387d16b36bfa0abc9a56b23c6349f9dd2406c
    manifest_sha256: 5c5a38fbff87a32291bf978eb26f5b8c4ecbfced9581523a8f0c1618b1cd4c55
    conformance_evidence: validation/code-review-acceptance.md
    external_tools:
      open_code_review:
        source: https://github.com/alibaba/open-code-review
        license: Apache-2.0
        release_tag: v1.8.3
        version_string: "open-code-review v1.8.3 (80a579466)"
        npm_package: "@alibaba-group/open-code-review"
        binaries:
          darwin-arm64: ed12e4599a7d2ddf5ac09324193d9781bd0a4215e867631432bc04cf5918f324
          darwin-amd64: a5f884bb9a04abb2068e8f9f3b3c567cb65f0847f61876c7c44deb42b8c2d61a
          linux-amd64: 445c2c3d7528d6a642b2eb83dc76978d7a5558b838d0c385b0c841b094104c17
          linux-arm64: 4badb4b02fb9f7b4e91b5078fa78e88bfa8e3864f43bedd216b179494e9df4d7
        requires:
          git: ">=2.41"
          node: ">=14"   # solo para el wrapper npm
