# The engine pin this extension ships. A consumer repository has no
# versions.lock.yml, so this file travels inside the installed extension and
# is the default pin; a versions.lock.yml at the consumer root, when present,
# wins. Covered by the release's subtree archive digest.
external_tools:
  open_code_review:
    source: https://github.com/alibaba/open-code-review
    license: Apache-2.0
    release_tag: v1.12.0
    version_string: "open-code-review v1.12.0 (494bf1c8d)"
    npm_package: "@alibaba-group/open-code-review"
    binaries:
      darwin-arm64: 92601579180aacc61d2d2861773271ddd03d6d5d3a2ac2bea553d883def81cf2
      darwin-amd64: 80e48f98b8b50bed4ee8b92247de8e00cf8c1189072bc22efe9e405f28e5fef2
      linux-amd64: 0e71d2bbea71fbc9a76a999b9ecabb2c63d1efca36ab490db727ba7450444def
      linux-arm64: e69c695c85e301b754940f743b13e9122562e17c6eaedadb9a259ec7415b7be9
    requires:
      git: ">=2.41"
      node: ">=14"
